
Microsoft Visual Studio Solution File, Format Version 12.00
# Visual Studio Version 16
VisualStudioVersion = 25.0.1706.0
MinimumVisualStudioVersion = 10.0.40219.1
Project("{FAE04EC0-301F-11D3-BF4B-00C04F79EFBC}") = "Classes-Practice-Zoo", "Classes-Practice-Zoo\Classes-Practice-Zoo.csproj", "{411CCE86-101C-45E4-8F57-86D086AD384B}"
EndProject
Project("{FAE04EC0-301F-11D3-BF4B-00C04F79EFBC}") = "xUnit-Test-Zoo", "xUnit-Test-Zoo\xUnit-Test-Zoo.csproj", "{AA4B9BD3-4C11-4088-8086-9C611DA24E3F}"
EndProject
Project("{2150E333-8FDC-42A3-9474-1A3956D46DE8}") = "Solution Items", "Solution Items", "{83766EAC-0762-48C2-A137-D924031E94C0}"
	ProjectSection(SolutionItems) = preProject
		README.md = README.md
	EndProjectSection
EndProject
Global
	GlobalSection(SolutionConfigurationPlatforms) = preSolution
		Debug|Any CPU = Debug|Any CPU
		Release|Any CPU = Release|Any CPU
	EndGlobalSection
	GlobalSection(ProjectConfigurationPlatforms) = postSolution
		{411CCE86-101C-45E4-8F57-86D086AD384B}.Debug|Any CPU.ActiveCfg = Debug|Any CPU
		{411CCE86-101C-45E4-8F57-86D086AD384B}.Debug|Any CPU.Build.0 = Debug|Any CPU
		{411CCE86-101C-45E4-8F57-86D086AD384B}.Release|Any CPU.ActiveCfg = Release|Any CPU
		{411CCE86-101C-45E4-8F57-86D086AD384B}.Release|Any CPU.Build.0 = Release|Any CPU
		{AA4B9BD3-4C11-4088-8086-9C611DA24E3F}.Debug|Any CPU.ActiveCfg = Debug|Any CPU
		{AA4B9BD3-4C11-4088-8086-9C611DA24E3F}.Debug|Any CPU.Build.0 = Debug|Any CPU
		{AA4B9BD3-4C11-4088-8086-9C611DA24E3F}.Release|Any CPU.ActiveCfg = Release|Any CPU
		{AA4B9BD3-4C11-4088-8086-9C611DA24E3F}.Release|Any CPU.Build.0 = Release|Any CPU
	EndGlobalSection
	GlobalSection(SolutionProperties) = preSolution
		HideSolutionNode = FALSE
	EndGlobalSection
	GlobalSection(ExtensibilityGlobals) = postSolution
		SolutionGuid = {D968DBD6-CDAB-46FF-936E-D92436D865F2}
	EndGlobalSection
EndGlobal
